<Solution>
  <Folder Name="/Schemas/">
    <File Path="Schemas/AccountBlocked.avsc" />
    <File Path="Schemas/AccountOpened.avsc" />
    <File Path="Schemas/BankAccountEvent.avsc" />
    <File Path="Schemas/MoneyDeposited.avsc" />
    <File Path="Schemas/MoneyWithdrawn.avsc" />
    <File Path="Schemas/RootUnion.avsc" />
  </Folder>
  <Folder Name="/Solution Itens/">
    <File Path="compose.yaml" />
    <File Path="README.md" />
    <File Path="register-schemas.sh" />
  </Folder>
  <Project Path="AvroUnion/AvroUnion.csproj" />
  <Project Path="EnvelopePattern/EnvelopePattern.csproj" />
  <Project Path="TopicRecordName/TopicRecordName.csproj" />
</Solution>
